
Microsoft Visual Studio Solution File, Format Version 12.00
# Visual Studio Version 17
VisualStudioVersion = 17.6.33801.468
MinimumVisualStudioVersion = 10.0.40219.1
Project("{FAE04EC0-301F-11D3-BF4B-00C04F79EFBC}") = "Coffee shop management system", "Coffee shop management system\Coffee shop management system.csproj", "{9EFAD131-03EA-4954-A03E-F4D47B9A8289}"
EndProject
Global
	GlobalSection(SolutionConfigurationPlatforms) = preSolution
		Debug|Any CPU = Debug|Any CPU
		Release|Any CPU = Release|Any CPU
	EndGlobalSection
	GlobalSection(ProjectConfigurationPlatforms) = postSolution
		{9EFAD131-03EA-4954-A03E-F4D47B9A8289}.Debug|Any CPU.ActiveCfg = Debug|Any CPU
		{9EFAD131-03EA-4954-A03E-F4D47B9A8289}.Debug|Any CPU.Build.0 = Debug|Any CPU
		{9EFAD131-03EA-4954-A03E-F4D47B9A8289}.Release|Any CPU.ActiveCfg = Release|Any CPU
		{9EFAD131-03EA-4954-A03E-F4D47B9A8289}.Release|Any CPU.Build.0 = Release|Any CPU
	EndGlobalSection
	GlobalSection(SolutionProperties) = preSolution
		HideSolutionNode = FALSE
	EndGlobalSection
	GlobalSection(ExtensibilityGlobals) = postSolution
		SolutionGuid = {8FAC436C-4507-48F7-9401-055532908B00}
	EndGlobalSection
EndGlobal
